
Microsoft Visual Studio Solution File, Format Version 12.00
# Visual Studio Version 16
VisualStudioVersion = 16.0.31727.386
MinimumVisualStudioVersion = 10.0.40219.1
Project("{FAE04EC0-301F-11D3-BF4B-00C04F79EFBC}") = "Exercise3", "Exercise3\Exercise3.csproj", "{752BF457-98F1-458F-B83A-AAC6DC68FDE1}"
EndProject
Global
	GlobalSection(SolutionConfigurationPlatforms) = preSolution
		Debug|Any CPU = Debug|Any CPU
		Release|Any CPU = Release|Any CPU
	EndGlobalSection
	GlobalSection(ProjectConfigurationPlatforms) = postSolution
		{752BF457-98F1-458F-B83A-AAC6DC68FDE1}.Debug|Any CPU.ActiveCfg = Debug|Any CPU
		{752BF457-98F1-458F-B83A-AAC6DC68FDE1}.Debug|Any CPU.Build.0 = Debug|Any CPU
		{752BF457-98F1-458F-B83A-AAC6DC68FDE1}.Release|Any CPU.ActiveCfg = Release|Any CPU
		{752BF457-98F1-458F-B83A-AAC6DC68FDE1}.Release|Any CPU.Build.0 = Release|Any CPU
	EndGlobalSection
	GlobalSection(SolutionProperties) = preSolution
		HideSolutionNode = FALSE
	EndGlobalSection
	GlobalSection(ExtensibilityGlobals) = postSolution
		SolutionGuid = {FBDAF788-083B-438F-BF44-AF7C057F6A78}
	EndGlobalSection
EndGlobal
